Microsoft Visual Studio Solution File, Format Version 12.00
# Visual Studio Version 17
VisualStudioVersion = 17.5.2.0
MinimumVisualStudioVersion = 10.0.40219.1
Project("{FAE04EC0-301F-11D3-BF4B-00C04F79EFBC}") = "myfinance-web-dotnet", "myfinance-web-dotnet\myfinance-web-dotnet.csproj", "{FFAAD7A0-F4F7-4056-EB6E-48D095D760B4}"
EndProject
Global
	GlobalSection(SolutionConfigurationPlatforms) = preSolution
		Debug|Any CPU = Debug|Any CPU
		Release|Any CPU = Release|Any CPU
	EndGlobalSection
	GlobalSection(ProjectConfigurationPlatforms) = postSolution
		{FFAAD7A0-F4F7-4056-EB6E-48D095D760B4}.Debug|Any CPU.ActiveCfg = Debug|Any CPU
		{FFAAD7A0-F4F7-4056-EB6E-48D095D760B4}.Debug|Any CPU.Build.0 = Debug|Any CPU
		{FFAAD7A0-F4F7-4056-EB6E-48D095D760B4}.Release|Any CPU.ActiveCfg = Release|Any CPU
		{FFAAD7A0-F4F7-4056-EB6E-48D095D760B4}.Release|Any CPU.Build.0 = Release|Any CPU
	EndGlobalSection
	GlobalSection(SolutionProperties) = preSolution
		HideSolutionNode = FALSE
	EndGlobalSection
	GlobalSection(ExtensibilityGlobals) = postSolution
		SolutionGuid = {03C8F71B-523A-4C65-B9AC-B646DD979F34}
	EndGlobalSection
EndGlobal
