Microsoft Visual Studio Solution File, Format Version 12.00
# Visual Studio Version 17
VisualStudioVersion = 17.5.2.0
MinimumVisualStudioVersion = 10.0.40219.1
Project("{FAE04EC0-301F-11D3-BF4B-00C04F79EFBC}") = "myfinance-web-dotnet", "myfinance-web-dotnet.csproj", "{42B6F02B-F2E3-7B4B-4494-BE4ACEDC3762}"
EndProject
Global
	GlobalSection(SolutionConfigurationPlatforms) = preSolution
		Debug|Any CPU = Debug|Any CPU
		Release|Any CPU = Release|Any CPU
	EndGlobalSection
	GlobalSection(ProjectConfigurationPlatforms) = postSolution
		{42B6F02B-F2E3-7B4B-4494-BE4ACEDC3762}.Debug|Any CPU.ActiveCfg = Debug|Any CPU
		{42B6F02B-F2E3-7B4B-4494-BE4ACEDC3762}.Debug|Any CPU.Build.0 = Debug|Any CPU
		{42B6F02B-F2E3-7B4B-4494-BE4ACEDC3762}.Release|Any CPU.ActiveCfg = Release|Any CPU
		{42B6F02B-F2E3-7B4B-4494-BE4ACEDC3762}.Release|Any CPU.Build.0 = Release|Any CPU
	EndGlobalSection
	GlobalSection(SolutionProperties) = preSolution
		HideSolutionNode = FALSE
	EndGlobalSection
	GlobalSection(ExtensibilityGlobals) = postSolution
		SolutionGuid = {16653618-BE41-4BF0-99EA-E8258C25F2F7}
	EndGlobalSection
EndGlobal
